// !$*UTF8*$!
{
	archiveVersion = 1;
	classes = {
	};
	objectVersion = 56;
	objects = {

/* Begin PBXBuildFile section */
		ACB3FF792C2EF9FA0052F0BF /* AppDelegate.swift in Sources */ = {isa = PBXBuildFile; fileRef = ACB3FF782C2EF9FA0052F0BF /* AppDelegate.swift */; };
		ACB3FF7B2C2EF9FA0052F0BF /* SceneDelegate.swift in Sources */ = {isa = PBXBuildFile; fileRef = ACB3FF7A2C2EF9FA0052F0BF /* SceneDelegate.swift */; };
		ACB3FF7D2C2EF9FA0052F0BF /* MyRidesViewController.swift in Sources */ = {isa = PBXBuildFile; fileRef = ACB3FF7C2C2EF9FA0052F0BF /* MyRidesViewController.swift */; };
		ACB3FF822C2EF9FC0052F0BF /* Assets.xcassets in Resources */ = {isa = PBXBuildFile; fileRef = ACB3FF812C2EF9FC0052F0BF /* Assets.xcassets */; };
		ACB3FF852C2EF9FC0052F0BF /* Base in Resources */ = {isa = PBXBuildFile; fileRef = ACB3FF842C2EF9FC0052F0BF /* Base */; };
		ACB3FF912C2F01A80052F0BF /* Rides.swift in Sources */ = {isa = PBXBuildFile; fileRef = ACB3FF902C2F01A80052F0BF /* Rides.swift */; };
		ACB3FF962C2F0EFC0052F0BF /* DataParser.swift in Sources */ = {isa = PBXBuildFile; fileRef = ACB3FF952C2F0EFC0052F0BF /* DataParser.swift */; };
		ACB3FF982C2F0F6B0052F0BF /* APIError.swift in Sources */ = {isa = PBXBuildFile; fileRef = ACB3FF972C2F0F6B0052F0BF /* APIError.swift */; };
		ACB3FF9A2C2F0FE00052F0BF /* RequestHandler.swift in Sources */ = {isa = PBXBuildFile; fileRef = ACB3FF992C2F0FE00052F0BF /* RequestHandler.swift */; };
/* End PBXBuildFile section */

/* Begin PBXFileReference section */
		ACB3FF752C2EF9FA0052F0BF /* MyRides.app */ = {isa = PBXFileReference; explicitFileType = wrapper.application; includeInIndex = 0; path = MyRides.app; sourceTree = BUILT_PRODUCTS_DIR; };
		ACB3FF782C2EF9FA0052F0BF /* AppDelegate.swift */ = {isa = PBXFileReference; lastKnownFileType = sourcecode.swift; path = AppDelegate.swift; sourceTree = "<group>"; };
		ACB3FF7A2C2EF9FA0052F0BF /* SceneDelegate.swift */ = {isa = PBXFileReference; lastKnownFileType = sourcecode.swift; path = SceneDelegate.swift; sourceTree = "<group>"; };
		ACB3FF7C2C2EF9FA0052F0BF /* MyRidesViewController.swift */ = {isa = PBXFileReference; lastKnownFileType = sourcecode.swift; path = MyRidesViewController.swift; sourceTree = "<group>"; };
		ACB3FF812C2EF9FC0052F0BF /* Assets.xcassets */ = {isa = PBXFileReference; lastKnownFileType = folder.assetcatalog; path = Assets.xcassets; sourceTree = "<group>"; };
		ACB3FF842C2EF9FC0052F0BF /* Base */ = {isa = PBXFileReference; lastKnownFileType = file.storyboard; name = Base; path = Base.lproj/LaunchScreen.storyboard; sourceTree = "<group>"; };
		ACB3FF862C2EF9FC0052F0BF /* Info.plist */ = {isa = PBXFileReference; lastKnownFileType = text.plist.xml; path = Info.plist; sourceTree = "<group>"; };
		ACB3FF902C2F01A80052F0BF /* Rides.swift */ = {isa = PBXFileReference; lastKnownFileType = sourcecode.swift; path = Rides.swift; sourceTree = "<group>"; };
		ACB3FF952C2F0EFC0052F0BF /* DataParser.swift */ = {isa = PBXFileReference; lastKnownFileType = sourcecode.swift; path = DataParser.swift; sourceTree = "<group>"; };
		ACB3FF972C2F0F6B0052F0BF /* APIError.swift */ = {isa = PBXFileReference; lastKnownFileType = sourcecode.swift; path = APIError.swift; sourceTree = "<group>"; };
		ACB3FF992C2F0FE00052F0BF /* RequestHandler.swift */ = {isa = PBXFileReference; lastKnownFileType = sourcecode.swift; path = RequestHandler.swift; sourceTree = "<group>"; };
/* End PBXFileReference section */

/* Begin PBXFrameworksBuildPhase section */
		ACB3FF722C2EF9FA0052F0BF /* Frameworks */ = {
			isa = PBXFrameworksBuildPhase;
			buildActionMask = 2147483647;
			files = (
			);
			runOnlyForDeploymentPostprocessing = 0;
		};
/* End PBXFrameworksBuildPhase section */

/* Begin PBXGroup section */
		ACB3FF6C2C2EF9FA0052F0BF = {
			isa = PBXGroup;
			children = (
				ACB3FF772C2EF9FA0052F0BF /* MyRides */,
				ACB3FF762C2EF9FA0052F0BF /* Products */,
			);
			sourceTree = "<group>";
		};
		ACB3FF762C2EF9FA0052F0BF /* Products */ = {
			isa = PBXGroup;
			children = (
				ACB3FF752C2EF9FA0052F0BF /* MyRides.app */,
			);
			name = Products;
			sourceTree = "<group>";
		};
		ACB3FF772C2EF9FA0052F0BF /* MyRides */ = {
			isa = PBXGroup;
			children = (
				ACB3FF782C2EF9FA0052F0BF /* AppDelegate.swift */,
				ACB3FF7A2C2EF9FA0052F0BF /* SceneDelegate.swift */,
				ACB3FF7C2C2EF9FA0052F0BF /* MyRidesViewController.swift */,
				ACB3FF942C2F0C7F0052F0BF /* API */,
				ACB3FF8F2C2F01860052F0BF /* Helpers */,
				ACB3FF8E2C2F017F0052F0BF /* ViewControllers */,
				ACB3FF8D2C2F017B0052F0BF /* Views */,
				ACB3FF8C2C2F01730052F0BF /* Models */,
				ACB3FF812C2EF9FC0052F0BF /* Assets.xcassets */,
				ACB3FF832C2EF9FC0052F0BF /* LaunchScreen.storyboard */,
				ACB3FF862C2EF9FC0052F0BF /* Info.plist */,
			);
			path = MyRides;
			sourceTree = "<group>";
		};
		ACB3FF8C2C2F01730052F0BF /* Models */ = {
			isa = PBXGroup;
			children = (
				ACB3FF902C2F01A80052F0BF /* Rides.swift */,
			);
			path = Models;
			sourceTree = "<group>";
		};
		ACB3FF8D2C2F017B0052F0BF /* Views */ = {
			isa = PBXGroup;
			children = (
			);
			path = Views;
			sourceTree = "<group>";
		};
		ACB3FF8E2C2F017F0052F0BF /* ViewControllers */ = {
			isa = PBXGroup;
			children = (
			);
			path = ViewControllers;
			sourceTree = "<group>";
		};
		ACB3FF8F2C2F01860052F0BF /* Helpers */ = {
			isa = PBXGroup;
			children = (
				ACB3FF952C2F0EFC0052F0BF /* DataParser.swift */,
				ACB3FF992C2F0FE00052F0BF /* RequestHandler.swift */,
				ACB3FF972C2F0F6B0052F0BF /* APIError.swift */,
			);
			path = Helpers;
			sourceTree = "<group>";
		};
		ACB3FF942C2F0C7F0052F0BF /* API */ = {
			isa = PBXGroup;
			children = (
			);
			path = API;
			sourceTree = "<group>";
		};
/* End PBXGroup section */

/* Begin PBXNativeTarget section */
		ACB3FF742C2EF9FA0052F0BF /* MyRides */ = {
			isa = PBXNativeTarget;
			buildConfigurationList = ACB3FF892C2EF9FC0052F0BF /* Build configuration list for PBXNativeTarget "MyRides" */;
			buildPhases = (
				ACB3FF712C2EF9FA0052F0BF /* Sources */,
				ACB3FF722C2EF9FA0052F0BF /* Frameworks */,
				ACB3FF732C2EF9FA0052F0BF /* Resources */,
			);
			buildRules = (
			);
			dependencies = (
			);
			name = MyRides;
			productName = MyRides;
			productReference = ACB3FF752C2EF9FA0052F0BF /* MyRides.app */;
			productType = "com.apple.product-type.application";
		};
/* End PBXNativeTarget section */

/* Begin PBXProject section */
		ACB3FF6D2C2EF9FA0052F0BF /* Project object */ = {
			isa = PBXProject;
			attributes = {
				BuildIndependentTargetsInParallel = 1;
				LastSwiftUpdateCheck = 1540;
				LastUpgradeCheck = 1540;
				TargetAttributes = {
					ACB3FF742C2EF9FA0052F0BF = {
						CreatedOnToolsVersion = 15.4;
					};
				};
			};
			buildConfigurationList = ACB3FF702C2EF9FA0052F0BF /* Build configuration list for PBXProject "MyRides" */;
			compatibilityVersion = "Xcode 14.0";
			developmentRegion = en;
			hasScannedForEncodings = 0;
			knownRegions = (
				en,
				Base,
			);
			mainGroup = ACB3FF6C2C2EF9FA0052F0BF;
			productRefGroup = ACB3FF762C2EF9FA0052F0BF /* Products */;
			projectDirPath = "";
			projectRoot = "";
			targets = (
				ACB3FF742C2EF9FA0052F0BF /* MyRides */,
			);
		};
/* End PBXProject section */

/* Begin PBXResourcesBuildPhase section */
		ACB3FF732C2EF9FA0052F0BF /* Resources */ = {
			isa = PBXResourcesBuildPhase;
			buildActionMask = 2147483647;
			files = (
				ACB3FF822C2EF9FC0052F0BF /* Assets.xcassets in Resources */,
				ACB3FF852C2EF9FC0052F0BF /* Base in Resources */,
			);
			runOnlyForDeploymentPostprocessing = 0;
		};
/* End PBXResourcesBuildPhase section */

/* Begin PBXSourcesBuildPhase section */
		ACB3FF712C2EF9FA0052F0BF /* Sources */ = {
			isa = PBXSourcesBuildPhase;
			buildActionMask = 2147483647;
			files = (
				ACB3FF9A2C2F0FE00052F0BF /* RequestHandler.swift in Sources */,
				ACB3FF912C2F01A80052F0BF /* Rides.swift in Sources */,
				ACB3FF982C2F0F6B0052F0BF /* APIError.swift in Sources */,
				ACB3FF962C2F0EFC0052F0BF /* DataParser.swift in Sources */,
				ACB3FF7D2C2EF9FA0052F0BF /* MyRidesViewController.swift in Sources */,
				ACB3FF792C2EF9FA0052F0BF /* AppDelegate.swift in Sources */,
				ACB3FF7B2C2EF9FA0052F0BF /* SceneDelegate.swift in Sources */,
			);
			runOnlyForDeploymentPostprocessing = 0;
		};
/* End PBXSourcesBuildPhase section */

/* Begin PBXVariantGroup section */
		ACB3FF832C2EF9FC0052F0BF /* LaunchScreen.storyboard */ = {
			isa = PBXVariantGroup;
			children = (
				ACB3FF842C2EF9FC0052F0BF /* Base */,
			);
			name = LaunchScreen.storyboard;
			sourceTree = "<group>";
		};
/* End PBXVariantGroup section */

/* Begin XCBuildConfiguration section */
		ACB3FF872C2EF9FC0052F0BF /* Debug */ = {
			isa = XCBuildConfiguration;
			buildSettings = {
				ALWAYS_SEARCH_USER_PATHS = NO;
				ASSETCATALOG_COMPILER_GENERATE_SWIFT_ASSET_SYMBOL_EXTENSIONS = YES;
				CLANG_ANALYZER_NONNULL = YES;
				CLANG_ANALYZER_NUMBER_OBJECT_CONVERSION = YES_AGGRESSIVE;
				CLANG_CXX_LANGUAGE_STANDARD = "gnu++20";
				CLANG_ENABLE_MODULES = YES;
				CLANG_ENABLE_OBJC_ARC = YES;
				CLANG_ENABLE_OBJC_WEAK = YES;
				CLANG_WARN_BLOCK_CAPTURE_AUTORELEASING = YES;
				CLANG_WARN_BOOL_CONVERSION = YES;
				CLANG_WARN_COMMA = YES;
				CLANG_WARN_CONSTANT_CONVERSION = YES;
				CLANG_WARN_DEPRECATED_OBJC_IMPLEMENTATIONS = YES;
				CLANG_WARN_DIRECT_OBJC_ISA_USAGE = YES_ERROR;
				CLANG_WARN_DOCUMENTATION_COMMENTS = YES;
				CLANG_WARN_EMPTY_BODY = YES;
				CLANG_WARN_ENUM_CONVERSION = YES;
				CLANG_WARN_INFINITE_RECURSION = YES;
				CLANG_WARN_INT_CONVERSION = YES;
				CLANG_WARN_NON_LITERAL_NULL_CONVERSION = YES;
				CLANG_WARN_OBJC_IMPLICIT_RETAIN_SELF = YES;
				CLANG_WARN_OBJC_LITERAL_CONVERSION = YES;
				CLANG_WARN_OBJC_ROOT_CLASS = YES_ERROR;
				CLANG_WARN_QUOTED_INCLUDE_IN_FRAMEWORK_HEADER = YES;
				CLANG_WARN_RANGE_LOOP_ANALYSIS = YES;
				CLANG_WARN_STRICT_PROTOTYPES = YES;
				CLANG_WARN_SUSPICIOUS_MOVE = YES;
				CLANG_WARN_UNGUARDED_AVAILABILITY = YES_AGGRESSIVE;
				CLANG_WARN_UNREACHABLE_CODE = YES;
				CLANG_WARN__DUPLICATE_METHOD_MATCH = YES;
				COPY_PHASE_STRIP = NO;
				DEBUG_INFORMATION_FORMAT = dwarf;
				ENABLE_STRICT_OBJC_MSGSEND = YES;
				ENABLE_TESTABILITY = YES;
				ENABLE_USER_SCRIPT_SANDBOXING = YES;
				GCC_C_LANGUAGE_STANDARD = gnu17;
				GCC_DYNAMIC_NO_PIC = NO;
				GCC_NO_COMMON_BLOCKS = YES;
				GCC_OPTIMIZATION_LEVEL = 0;
				GCC_PREPROCESSOR_DEFINITIONS = (
					"DEBUG=1",
					"$(inherited)",
				);
				GCC_WARN_64_TO_32_BIT_CONVERSION = YES;
				GCC_WARN_ABOUT_RETURN_TYPE = YES_ERROR;
				GCC_WARN_UNDECLARED_SELECTOR = YES;
				GCC_WARN_UNINITIALIZED_AUTOS = YES_AGGRESSIVE;
				GCC_WARN_UNUSED_FUNCTION = YES;
				GCC_WARN_UNUSED_VARIABLE = YES;
				IPHONEOS_DEPLOYMENT_TARGET = 17.5;
				LOCALIZATION_PREFERS_STRING_CATALOGS = YES;
				MTL_ENABLE_DEBUG_INFO = INCLUDE_SOURCE;
				MTL_FAST_MATH = YES;
				ONLY_ACTIVE_ARCH = YES;
				SDKROOT = iphoneos;
				SWIFT_ACTIVE_COMPILATION_CONDITIONS = "DEBUG $(inherited)";
				SWIFT_OPTIMIZATION_LEVEL = "-Onone";
			};
			name = Debug;
		};
		ACB3FF882C2EF9FC0052F0BF /* Release */ = {
			isa = XCBuildConfiguration;
			buildSettings = {
				ALWAYS_SEARCH_USER_PATHS = NO;
				ASSETCATALOG_COMPILER_GENERATE_SWIFT_ASSET_SYMBOL_EXTENSIONS = YES;
				CLANG_ANALYZER_NONNULL = YES;
				CLANG_ANALYZER_NUMBER_OBJECT_CONVERSION = YES_AGGRESSIVE;
				CLANG_CXX_LANGUAGE_STANDARD = "gnu++20";
				CLANG_ENABLE_MODULES = YES;
				CLANG_ENABLE_OBJC_ARC = YES;
				CLANG_ENABLE_OBJC_WEAK = YES;
				CLANG_WARN_BLOCK_CAPTURE_AUTORELEASING = YES;
				CLANG_WARN_BOOL_CONVERSION = YES;
				CLANG_WARN_COMMA = YES;
				CLANG_WARN_CONSTANT_CONVERSION = YES;
				CLANG_WARN_DEPRECATED_OBJC_IMPLEMENTATIONS = YES;
				CLANG_WARN_DIRECT_OBJC_ISA_USAGE = YES_ERROR;
				CLANG_WARN_DOCUMENTATION_COMMENTS = YES;
				CLANG_WARN_EMPTY_BODY = YES;
				CLANG_WARN_ENUM_CONVERSION = YES;
				CLANG_WARN_INFINITE_RECURSION = YES;
				CLANG_WARN_INT_CONVERSION = YES;
				CLANG_WARN_NON_LITERAL_NULL_CONVERSION = YES;
				CLANG_WARN_OBJC_IMPLICIT_RETAIN_SELF = YES;
				CLANG_WARN_OBJC_LITERAL_CONVERSION = YES;
				CLANG_WARN_OBJC_ROOT_CLASS = YES_ERROR;
				CLANG_WARN_QUOTED_INCLUDE_IN_FRAMEWORK_HEADER = YES;
				CLANG_WARN_RANGE_LOOP_ANALYSIS = YES;
				CLANG_WARN_STRICT_PROTOTYPES = YES;
				CLANG_WARN_SUSPICIOUS_MOVE = YES;
				CLANG_WARN_UNGUARDED_AVAILABILITY = YES_AGGRESSIVE;
				CLANG_WARN_UNREACHABLE_CODE = YES;
				CLANG_WARN__DUPLICATE_METHOD_MATCH = YES;
				COPY_PHASE_STRIP = NO;
				DEBUG_INFORMATION_FORMAT = "dwarf-with-dsym";
				ENABLE_NS_ASSERTIONS = NO;
				ENABLE_STRICT_OBJC_MSGSEND = YES;
				ENABLE_USER_SCRIPT_SANDBOXING = YES;
				GCC_C_LANGUAGE_STANDARD = gnu17;
				GCC_NO_COMMON_BLOCKS = YES;
				GCC_WARN_64_TO_32_BIT_CONVERSION = YES;
				GCC_WARN_ABOUT_RETURN_TYPE = YES_ERROR;
				GCC_WARN_UNDECLARED_SELECTOR = YES;
				GCC_WARN_UNINITIALIZED_AUTOS = YES_AGGRESSIVE;
				GCC_WARN_UNUSED_FUNCTION = YES;
				GCC_WARN_UNUSED_VARIABLE = YES;
				IPHONEOS_DEPLOYMENT_TARGET = 17.5;
				LOCALIZATION_PREFERS_STRING_CATALOGS = YES;
				MTL_ENABLE_DEBUG_INFO = NO;
				MTL_FAST_MATH = YES;
				SDKROOT = iphoneos;
				SWIFT_COMPILATION_MODE = wholemodule;
				VALIDATE_PRODUCT = YES;
			};
			name = Release;
		};
		ACB3FF8A2C2EF9FC0052F0BF /* Debug */ = {
			isa = XCBuildConfiguration;
			buildSettings = {
				ASSETCATALOG_COMPILER_APPICON_NAME = AppIcon;
				ASSETCATALOG_COMPILER_GLOBAL_ACCENT_COLOR_NAME = AccentColor;
				CODE_SIGN_STYLE = Automatic;
				CURRENT_PROJECT_VERSION = 1;
				DEVELOPMENT_TEAM = 63262WWM7D;
				GENERATE_INFOPLIST_FILE = YES;
				INFOPLIST_FILE = MyRides/Info.plist;
				INFOPLIST_KEY_UIApplicationSupportsIndirectInputEvents = YES;
				INFOPLIST_KEY_UILaunchStoryboardName = LaunchScreen;
				INFOPLIST_KEY_UISupportedInterfaceOrientations_iPad = "UIInterfaceOrientationPortrait UIInterfaceOrientationPortraitUpsideDown UIInterfaceOrientationLandscapeLeft UIInterfaceOrientationLandscapeRight";
				INFOPLIST_KEY_UISupportedInterfaceOrientations_iPhone = "UIInterfaceOrientationPortrait UIInterfaceOrientationLandscapeLeft UIInterfaceOrientationLandscapeRight";
				LD_RUNPATH_SEARCH_PATHS = (
					"$(inherited)",
					"@executable_path/Frameworks",
				);
				MARKETING_VERSION = 1.0;
				PRODUCT_BUNDLE_IDENTIFIER = com.ralstongoes.MyRides;
				PRODUCT_NAME = "$(TARGET_NAME)";
				SWIFT_EMIT_LOC_STRINGS = YES;
				SWIFT_VERSION = 5.0;
				TARGETED_DEVICE_FAMILY = "1,2";
			};
			name = Debug;
		};
		ACB3FF8B2C2EF9FC0052F0BF /* Release */ = {
			isa = XCBuildConfiguration;
			buildSettings = {
				ASSETCATALOG_COMPILER_APPICON_NAME = AppIcon;
				ASSETCATALOG_COMPILER_GLOBAL_ACCENT_COLOR_NAME = AccentColor;
				CODE_SIGN_STYLE = Automatic;
				CURRENT_PROJECT_VERSION = 1;
				DEVELOPMENT_TEAM = 63262WWM7D;
				GENERATE_INFOPLIST_FILE = YES;
				INFOPLIST_FILE = MyRides/Info.plist;
				INFOPLIST_KEY_UIApplicationSupportsIndirectInputEvents = YES;
				INFOPLIST_KEY_UILaunchStoryboardName = LaunchScreen;
				INFOPLIST_KEY_UISupportedInterfaceOrientations_iPad = "UIInterfaceOrientationPortrait UIInterfaceOrientationPortraitUpsideDown UIInterfaceOrientationLandscapeLeft UIInterfaceOrientationLandscapeRight";
				INFOPLIST_KEY_UISupportedInterfaceOrientations_iPhone = "UIInterfaceOrientationPortrait UIInterfaceOrientationLandscapeLeft UIInterfaceOrientationLandscapeRight";
				LD_RUNPATH_SEARCH_PATHS = (
					"$(inherited)",
					"@executable_path/Frameworks",
				);
				MARKETING_VERSION = 1.0;
				PRODUCT_BUNDLE_IDENTIFIER = com.ralstongoes.MyRides;
				PRODUCT_NAME = "$(TARGET_NAME)";
				SWIFT_EMIT_LOC_STRINGS = YES;
				SWIFT_VERSION = 5.0;
				TARGETED_DEVICE_FAMILY = "1,2";
			};
			name = Release;
		};
/* End XCBuildConfiguration section */

/* Begin XCConfigurationList section */
		ACB3FF702C2EF9FA0052F0BF /* Build configuration list for PBXProject "MyRides" */ = {
			isa = XCConfigurationList;
			buildConfigurations = (
				ACB3FF872C2EF9FC0052F0BF /* Debug */,
				ACB3FF882C2EF9FC0052F0BF /* Release */,
			);
			defaultConfigurationIsVisible = 0;
			defaultConfigurationName = Release;
		};
		ACB3FF892C2EF9FC0052F0BF /* Build configuration list for PBXNativeTarget "MyRides" */ = {
			isa = XCConfigurationList;
			buildConfigurations = (
				ACB3FF8A2C2EF9FC0052F0BF /* Debug */,
				ACB3FF8B2C2EF9FC0052F0BF /* Release */,
			);
			defaultConfigurationIsVisible = 0;
			defaultConfigurationName = Release;
		};
/* End XCConfigurationList section */
	};
	rootObject = ACB3FF6D2C2EF9FA0052F0BF /* Project object */;
}
